
Microsoft Visual Studio Solution File, Format Version 12.00
# Visual Studio Version 17
VisualStudioVersion = 17.12.35323.107
MinimumVisualStudioVersion = 10.0.40219.1
Project("{8BC9CEB8-8B4A-11D0-8D11-00A0C91BC942}") = "laba1", "laba1\laba1.vcxproj", "{E8519FC4-2CE0-4FDA-8AD0-8E06E1A42199}"
EndProject
Project("{8BC9CEB8-8B4A-11D0-8D11-00A0C91BC942}") = "laba1.2", "laba1.2\laba1.2.vcxproj", "{7FDF2028-211E-42B3-980A-30F0C7A50ACF}"
EndProject
Project("{8BC9CEB8-8B4A-11D0-8D11-00A0C91BC942}") = "laba1.3", "laba1.3\laba1.3.vcxproj", "{2E1435CB-3444-41CE-848C-011E93BD6D33}"
EndProject
Project("{8BC9CEB8-8B4A-11D0-8D11-00A0C91BC942}") = "laba2.1", "laba2.1\laba2.1.vcxproj", "{41683E59-9A3B-4E82-AF2D-099CE68C650C}"
EndProject
Project("{8BC9CEB8-8B4A-11D0-8D11-00A0C91BC942}") = "laba2.2", "laba2.2\laba2.2.vcxproj", "{07D5A665-AFAF-4FBA-89F9-5843858EA271}"
EndProject
Project("{8BC9CEB8-8B4A-11D0-8D11-00A0C91BC942}") = "laba2.3", "laba2.3\laba2.3.vcxproj", "{CF7B2F5E-15C2-4C87-9184-F6AE92DE4E0D}"
EndProject
Global
	GlobalSection(SolutionConfigurationPlatforms) = preSolution
		Debug|ARM64 = Debug|ARM64
		Debug|x64 = Debug|x64
		Debug|x86 = Debug|x86
		Release|ARM64 = Release|ARM64
		Release|x64 = Release|x64
		Release|x86 = Release|x86
	EndGlobalSection
	GlobalSection(ProjectConfigurationPlatforms) = postSolution
		{E8519FC4-2CE0-4FDA-8AD0-8E06E1A42199}.Debug|ARM64.ActiveCfg = Debug|ARM64
		{E8519FC4-2CE0-4FDA-8AD0-8E06E1A42199}.Debug|ARM64.Build.0 = Debug|ARM64
		{E8519FC4-2CE0-4FDA-8AD0-8E06E1A42199}.Debug|x64.ActiveCfg = Debug|x64
		{E8519FC4-2CE0-4FDA-8AD0-8E06E1A42199}.Debug|x64.Build.0 = Debug|x64
		{E8519FC4-2CE0-4FDA-8AD0-8E06E1A42199}.Debug|x86.ActiveCfg = Debug|Win32
		{E8519FC4-2CE0-4FDA-8AD0-8E06E1A42199}.Debug|x86.Build.0 = Debug|Win32
		{E8519FC4-2CE0-4FDA-8AD0-8E06E1A42199}.Release|ARM64.ActiveCfg = Release|ARM64
		{E8519FC4-2CE0-4FDA-8AD0-8E06E1A42199}.Release|ARM64.Build.0 = Release|ARM64
		{E8519FC4-2CE0-4FDA-8AD0-8E06E1A42199}.Release|x64.ActiveCfg = Release|x64
		{E8519FC4-2CE0-4FDA-8AD0-8E06E1A42199}.Release|x64.Build.0 = Release|x64
		{E8519FC4-2CE0-4FDA-8AD0-8E06E1A42199}.Release|x86.ActiveCfg = Release|Win32
		{E8519FC4-2CE0-4FDA-8AD0-8E06E1A42199}.Release|x86.Build.0 = Release|Win32
		{7FDF2028-211E-42B3-980A-30F0C7A50ACF}.Debug|ARM64.ActiveCfg = Debug|ARM64
		{7FDF2028-211E-42B3-980A-30F0C7A50ACF}.Debug|ARM64.Build.0 = Debug|ARM64
		{7FDF2028-211E-42B3-980A-30F0C7A50ACF}.Debug|x64.ActiveCfg = Debug|x64
		{7FDF2028-211E-42B3-980A-30F0C7A50ACF}.Debug|x64.Build.0 = Debug|x64
		{7FDF2028-211E-42B3-980A-30F0C7A50ACF}.Debug|x86.ActiveCfg = Debug|Win32
		{7FDF2028-211E-42B3-980A-30F0C7A50ACF}.Debug|x86.Build.0 = Debug|Win32
		{7FDF2028-211E-42B3-980A-30F0C7A50ACF}.Release|ARM64.ActiveCfg = Release|ARM64
		{7FDF2028-211E-42B3-980A-30F0C7A50ACF}.Release|ARM64.Build.0 = Release|ARM64
		{7FDF2028-211E-42B3-980A-30F0C7A50ACF}.Release|x64.ActiveCfg = Release|x64
		{7FDF2028-211E-42B3-980A-30F0C7A50ACF}.Release|x64.Build.0 = Release|x64
		{7FDF2028-211E-42B3-980A-30F0C7A50ACF}.Release|x86.ActiveCfg = Release|Win32
		{7FDF2028-211E-42B3-980A-30F0C7A50ACF}.Release|x86.Build.0 = Release|Win32
		{2E1435CB-3444-41CE-848C-011E93BD6D33}.Debug|ARM64.ActiveCfg = Debug|ARM64
		{2E1435CB-3444-41CE-848C-011E93BD6D33}.Debug|ARM64.Build.0 = Debug|ARM64
		{2E1435CB-3444-41CE-848C-011E93BD6D33}.Debug|x64.ActiveCfg = Debug|x64
		{2E1435CB-3444-41CE-848C-011E93BD6D33}.Debug|x64.Build.0 = Debug|x64
		{2E1435CB-3444-41CE-848C-011E93BD6D33}.Debug|x86.ActiveCfg = Debug|Win32
		{2E1435CB-3444-41CE-848C-011E93BD6D33}.Debug|x86.Build.0 = Debug|Win32
		{2E1435CB-3444-41CE-848C-011E93BD6D33}.Release|ARM64.ActiveCfg = Release|ARM64
		{2E1435CB-3444-41CE-848C-011E93BD6D33}.Release|ARM64.Build.0 = Release|ARM64
		{2E1435CB-3444-41CE-848C-011E93BD6D33}.Release|x64.ActiveCfg = Release|x64
		{2E1435CB-3444-41CE-848C-011E93BD6D33}.Release|x64.Build.0 = Release|x64
		{2E1435CB-3444-41CE-848C-011E93BD6D33}.Release|x86.ActiveCfg = Release|Win32
		{2E1435CB-3444-41CE-848C-011E93BD6D33}.Release|x86.Build.0 = Release|Win32
		{41683E59-9A3B-4E82-AF2D-099CE68C650C}.Debug|ARM64.ActiveCfg = Debug|ARM64
		{41683E59-9A3B-4E82-AF2D-099CE68C650C}.Debug|ARM64.Build.0 = Debug|ARM64
		{41683E59-9A3B-4E82-AF2D-099CE68C650C}.Debug|x64.ActiveCfg = Debug|x64
		{41683E59-9A3B-4E82-AF2D-099CE68C650C}.Debug|x64.Build.0 = Debug|x64
		{41683E59-9A3B-4E82-AF2D-099CE68C650C}.Debug|x86.ActiveCfg = Debug|Win32
		{41683E59-9A3B-4E82-AF2D-099CE68C650C}.Debug|x86.Build.0 = Debug|Win32
		{41683E59-9A3B-4E82-AF2D-099CE68C650C}.Release|ARM64.ActiveCfg = Release|ARM64
		{41683E59-9A3B-4E82-AF2D-099CE68C650C}.Release|ARM64.Build.0 = Release|ARM64
		{41683E59-9A3B-4E82-AF2D-099CE68C650C}.Release|x64.ActiveCfg = Release|x64
		{41683E59-9A3B-4E82-AF2D-099CE68C650C}.Release|x64.Build.0 = Release|x64
		{41683E59-9A3B-4E82-AF2D-099CE68C650C}.Release|x86.ActiveCfg = Release|Win32
		{41683E59-9A3B-4E82-AF2D-099CE68C650C}.Release|x86.Build.0 = Release|Win32
		{07D5A665-AFAF-4FBA-89F9-5843858EA271}.Debug|ARM64.ActiveCfg = Debug|ARM64
		{07D5A665-AFAF-4FBA-89F9-5843858EA271}.Debug|ARM64.Build.0 = Debug|ARM64
		{07D5A665-AFAF-4FBA-89F9-5843858EA271}.Debug|x64.ActiveCfg = Debug|x64
		{07D5A665-AFAF-4FBA-89F9-5843858EA271}.Debug|x64.Build.0 = Debug|x64
		{07D5A665-AFAF-4FBA-89F9-5843858EA271}.Debug|x86.ActiveCfg = Debug|Win32
		{07D5A665-AFAF-4FBA-89F9-5843858EA271}.Debug|x86.Build.0 = Debug|Win32
		{07D5A665-AFAF-4FBA-89F9-5843858EA271}.Release|ARM64.ActiveCfg = Release|ARM64
		{07D5A665-AFAF-4FBA-89F9-5843858EA271}.Release|ARM64.Build.0 = Release|ARM64
		{07D5A665-AFAF-4FBA-89F9-5843858EA271}.Release|x64.ActiveCfg = Release|x64
		{07D5A665-AFAF-4FBA-89F9-5843858EA271}.Release|x64.Build.0 = Release|x64
		{07D5A665-AFAF-4FBA-89F9-5843858EA271}.Release|x86.ActiveCfg = Release|Win32
		{07D5A665-AFAF-4FBA-89F9-5843858EA271}.Release|x86.Build.0 = Release|Win32
		{CF7B2F5E-15C2-4C87-9184-F6AE92DE4E0D}.Debug|ARM64.ActiveCfg = Debug|ARM64
		{CF7B2F5E-15C2-4C87-9184-F6AE92DE4E0D}.Debug|ARM64.Build.0 = Debug|ARM64
		{CF7B2F5E-15C2-4C87-9184-F6AE92DE4E0D}.Debug|x64.ActiveCfg = Debug|x64
		{CF7B2F5E-15C2-4C87-9184-F6AE92DE4E0D}.Debug|x64.Build.0 = Debug|x64
		{CF7B2F5E-15C2-4C87-9184-F6AE92DE4E0D}.Debug|x86.ActiveCfg = Debug|Win32
		{CF7B2F5E-15C2-4C87-9184-F6AE92DE4E0D}.Debug|x86.Build.0 = Debug|Win32
		{CF7B2F5E-15C2-4C87-9184-F6AE92DE4E0D}.Release|ARM64.ActiveCfg = Release|ARM64
		{CF7B2F5E-15C2-4C87-9184-F6AE92DE4E0D}.Release|ARM64.Build.0 = Release|ARM64
		{CF7B2F5E-15C2-4C87-9184-F6AE92DE4E0D}.Release|x64.ActiveCfg = Release|x64
		{CF7B2F5E-15C2-4C87-9184-F6AE92DE4E0D}.Release|x64.Build.0 = Release|x64
		{CF7B2F5E-15C2-4C87-9184-F6AE92DE4E0D}.Release|x86.ActiveCfg = Release|Win32
		{CF7B2F5E-15C2-4C87-9184-F6AE92DE4E0D}.Release|x86.Build.0 = Release|Win32
	EndGlobalSection
	GlobalSection(SolutionProperties) = preSolution
		HideSolutionNode = FALSE
	EndGlobalSection
	GlobalSection(ExtensibilityGlobals) = postSolution
		SolutionGuid = {467C10B9-642F-4659-B11D-45300B5A8E1B}
	EndGlobalSection
EndGlobal
